// !$*UTF8*$!
{
	archiveVersion = 1;
	classes = {
	};
	objectVersion = 56;
	objects = {

/* Begin PBXBuildFile section */
		4A0A0CBF2A7E2F5B0012ACEE /* SwiftUICryptoApp.swift in Sources */ = {isa = PBXBuildFile; fileRef = 4A0A0CBE2A7E2F5B0012ACEE /* SwiftUICryptoApp.swift */; };
		4A0A0CC12A7E2F5B0012ACEE /* ContentView.swift in Sources */ = {isa = PBXBuildFile; fileRef = 4A0A0CC02A7E2F5B0012ACEE /* ContentView.swift */; };
		4A0A0CC62A7E2F5C0012ACEE /* Preview Assets.xcassets in Resources */ = {isa = PBXBuildFile; fileRef = 4A0A0CC52A7E2F5C0012ACEE /* Preview Assets.xcassets */; };
		4A0A0CCD2A7E30140012ACEE /* Assets.xcassets in Resources */ = {isa = PBXBuildFile; fileRef = 4A0A0CCC2A7E30140012ACEE /* Assets.xcassets */; };
		4A0A0CD02A7E30B30012ACEE /* Color+Ext.swift in Sources */ = {isa = PBXBuildFile; fileRef = 4A0A0CCF2A7E30B30012ACEE /* Color+Ext.swift */; };
		4A0A0CDA2A7E38EE0012ACEE /* HomeView.swift in Sources */ = {isa = PBXBuildFile; fileRef = 4A0A0CD92A7E38EE0012ACEE /* HomeView.swift */; };
		4A0A0CDE2A7E39FF0012ACEE /* CircleButtonView.swift in Sources */ = {isa = PBXBuildFile; fileRef = 4A0A0CDD2A7E39FF0012ACEE /* CircleButtonView.swift */; };
		4A0A0CE02A7E3CD10012ACEE /* CircleButtonAnimationView.swift in Sources */ = {isa = PBXBuildFile; fileRef = 4A0A0CDF2A7E3CD10012ACEE /* CircleButtonAnimationView.swift */; };
		4A0A0CE32A7E58550012ACEE /* CoinModel.swift in Sources */ = {isa = PBXBuildFile; fileRef = 4A0A0CE22A7E58550012ACEE /* CoinModel.swift */; };
		4A0A0CE52A7E5CFB0012ACEE /* CoinRowView.swift in Sources */ = {isa = PBXBuildFile; fileRef = 4A0A0CE42A7E5CFB0012ACEE /* CoinRowView.swift */; };
		4A0A0CE72A7E627A0012ACEE /* ReviewProvider+Ext.swift in Sources */ = {isa = PBXBuildFile; fileRef = 4A0A0CE62A7E627A0012ACEE /* ReviewProvider+Ext.swift */; };
		4A0A0CE92A7E65C20012ACEE /* Double+Ext.swift in Sources */ = {isa = PBXBuildFile; fileRef = 4A0A0CE82A7E65C20012ACEE /* Double+Ext.swift */; };
		4A0A0CEB2A7E6BBB0012ACEE /* HomeViewModel.swift in Sources */ = {isa = PBXBuildFile; fileRef = 4A0A0CEA2A7E6BBB0012ACEE /* HomeViewModel.swift */; };
		4A0A0CEE2A7E90840012ACEE /* CoinDataService.swift in Sources */ = {isa = PBXBuildFile; fileRef = 4A0A0CED2A7E90840012ACEE /* CoinDataService.swift */; };
		4A0A0CF12A7E99AB0012ACEE /* NetworkManager.swift in Sources */ = {isa = PBXBuildFile; fileRef = 4A0A0CF02A7E99AB0012ACEE /* NetworkManager.swift */; };
/* End PBXBuildFile section */

/* Begin PBXFileReference section */
		4A0A0CBB2A7E2F5B0012ACEE /* SwiftUICrypto.app */ = {isa = PBXFileReference; explicitFileType = wrapper.application; includeInIndex = 0; path = SwiftUICrypto.app; sourceTree = BUILT_PRODUCTS_DIR; };
		4A0A0CBE2A7E2F5B0012ACEE /* SwiftUICryptoApp.swift */ = {isa = PBXFileReference; lastKnownFileType = sourcecode.swift; path = SwiftUICryptoApp.swift; sourceTree = "<group>"; };
		4A0A0CC02A7E2F5B0012ACEE /* ContentView.swift */ = {isa = PBXFileReference; lastKnownFileType = sourcecode.swift; path = ContentView.swift; sourceTree = "<group>"; };
		4A0A0CC52A7E2F5C0012ACEE /* Preview Assets.xcassets */ = {isa = PBXFileReference; lastKnownFileType = folder.assetcatalog; path = "Preview Assets.xcassets"; sourceTree = "<group>"; };
		4A0A0CCC2A7E30140012ACEE /* Assets.xcassets */ = {isa = PBXFileReference; lastKnownFileType = folder.assetcatalog; name = Assets.xcassets; path = ../../../../../../../Downloads/Resources/Assets.xcassets; sourceTree = "<group>"; };
		4A0A0CCF2A7E30B30012ACEE /* Color+Ext.swift */ = {isa = PBXFileReference; lastKnownFileType = sourcecode.swift; path = "Color+Ext.swift"; sourceTree = "<group>"; };
		4A0A0CD92A7E38EE0012ACEE /* HomeView.swift */ = {isa = PBXFileReference; lastKnownFileType = sourcecode.swift; path = HomeView.swift; sourceTree = "<group>"; };
		4A0A0CDD2A7E39FF0012ACEE /* CircleButtonView.swift */ = {isa = PBXFileReference; lastKnownFileType = sourcecode.swift; path = CircleButtonView.swift; sourceTree = "<group>"; };
		4A0A0CDF2A7E3CD10012ACEE /* CircleButtonAnimationView.swift */ = {isa = PBXFileReference; lastKnownFileType = sourcecode.swift; path = CircleButtonAnimationView.swift; sourceTree = "<group>"; };
		4A0A0CE22A7E58550012ACEE /* CoinModel.swift */ = {isa = PBXFileReference; lastKnownFileType = sourcecode.swift; path = CoinModel.swift; sourceTree = "<group>"; };
		4A0A0CE42A7E5CFB0012ACEE /* CoinRowView.swift */ = {isa = PBXFileReference; lastKnownFileType = sourcecode.swift; path = CoinRowView.swift; sourceTree = "<group>"; };
		4A0A0CE62A7E627A0012ACEE /* ReviewProvider+Ext.swift */ = {isa = PBXFileReference; lastKnownFileType = sourcecode.swift; path = "ReviewProvider+Ext.swift"; sourceTree = "<group>"; };
		4A0A0CE82A7E65C20012ACEE /* Double+Ext.swift */ = {isa = PBXFileReference; lastKnownFileType = sourcecode.swift; path = "Double+Ext.swift"; sourceTree = "<group>"; };
		4A0A0CEA2A7E6BBB0012ACEE /* HomeViewModel.swift */ = {isa = PBXFileReference; lastKnownFileType = sourcecode.swift; path = HomeViewModel.swift; sourceTree = "<group>"; };
		4A0A0CED2A7E90840012ACEE /* CoinDataService.swift */ = {isa = PBXFileReference; lastKnownFileType = sourcecode.swift; path = CoinDataService.swift; sourceTree = "<group>"; };
		4A0A0CF02A7E99AB0012ACEE /* NetworkManager.swift */ = {isa = PBXFileReference; lastKnownFileType = sourcecode.swift; path = NetworkManager.swift; sourceTree = "<group>"; };
/* End PBXFileReference section */

/* Begin PBXFrameworksBuildPhase section */
		4A0A0CB82A7E2F5B0012ACEE /* Frameworks */ = {
			isa = PBXFrameworksBuildPhase;
			buildActionMask = 2147483647;
			files = (
			);
			runOnlyForDeploymentPostprocessing = 0;
		};
/* End PBXFrameworksBuildPhase section */

/* Begin PBXGroup section */
		4A0A0CB22A7E2F5B0012ACEE = {
			isa = PBXGroup;
			children = (
				4A0A0CBD2A7E2F5B0012ACEE /* SwiftUICrypto */,
				4A0A0CBC2A7E2F5B0012ACEE /* Products */,
			);
			sourceTree = "<group>";
		};
		4A0A0CBC2A7E2F5B0012ACEE /* Products */ = {
			isa = PBXGroup;
			children = (
				4A0A0CBB2A7E2F5B0012ACEE /* SwiftUICrypto.app */,
			);
			name = Products;
			sourceTree = "<group>";
		};
		4A0A0CBD2A7E2F5B0012ACEE /* SwiftUICrypto */ = {
			isa = PBXGroup;
			children = (
				4A0A0CEF2A7E99940012ACEE /* Utilities */,
				4A0A0CCE2A7E309B0012ACEE /* Extensions */,
				4A0A0CEC2A7E904B0012ACEE /* Services */,
				4A0A0CE12A7E58400012ACEE /* Models */,
				4A0A0CD12A7E38700012ACEE /* Core */,
				4A0A0CBE2A7E2F5B0012ACEE /* SwiftUICryptoApp.swift */,
				4A0A0CC02A7E2F5B0012ACEE /* ContentView.swift */,
				4A0A0CCC2A7E30140012ACEE /* Assets.xcassets */,
				4A0A0CC42A7E2F5C0012ACEE /* Preview Content */,
			);
			path = SwiftUICrypto;
			sourceTree = "<group>";
		};
		4A0A0CC42A7E2F5C0012ACEE /* Preview Content */ = {
			isa = PBXGroup;
			children = (
				4A0A0CC52A7E2F5C0012ACEE /* Preview Assets.xcassets */,
			);
			path = "Preview Content";
			sourceTree = "<group>";
		};
		4A0A0CCE2A7E309B0012ACEE /* Extensions */ = {
			isa = PBXGroup;
			children = (
				4A0A0CCF2A7E30B30012ACEE /* Color+Ext.swift */,
				4A0A0CE62A7E627A0012ACEE /* ReviewProvider+Ext.swift */,
				4A0A0CE82A7E65C20012ACEE /* Double+Ext.swift */,
			);
			path = Extensions;
			sourceTree = "<group>";
		};
		4A0A0CD12A7E38700012ACEE /* Core */ = {
			isa = PBXGroup;
			children = (
				4A0A0CDB2A7E39A90012ACEE /* Components */,
				4A0A0CD22A7E38900012ACEE /* Home */,
			);
			path = Core;
			sourceTree = "<group>";
		};
		4A0A0CD22A7E38900012ACEE /* Home */ = {
			isa = PBXGroup;
			children = (
				4A0A0CD42A7E38990012ACEE /* ViewModels */,
				4A0A0CD32A7E38940012ACEE /* Views */,
			);
			path = Home;
			sourceTree = "<group>";
		};
		4A0A0CD32A7E38940012ACEE /* Views */ = {
			isa = PBXGroup;
			children = (
				4A0A0CD92A7E38EE0012ACEE /* HomeView.swift */,
				4A0A0CE42A7E5CFB0012ACEE /* CoinRowView.swift */,
			);
			path = Views;
			sourceTree = "<group>";
		};
		4A0A0CD42A7E38990012ACEE /* ViewModels */ = {
			isa = PBXGroup;
			children = (
				4A0A0CEA2A7E6BBB0012ACEE /* HomeViewModel.swift */,
			);
			path = ViewModels;
			sourceTree = "<group>";
		};
		4A0A0CDB2A7E39A90012ACEE /* Components */ = {
			isa = PBXGroup;
			children = (
				4A0A0CDC2A7E39C20012ACEE /* CircleButton */,
			);
			path = Components;
			sourceTree = "<group>";
		};
		4A0A0CDC2A7E39C20012ACEE /* CircleButton */ = {
			isa = PBXGroup;
			children = (
				4A0A0CDD2A7E39FF0012ACEE /* CircleButtonView.swift */,
				4A0A0CDF2A7E3CD10012ACEE /* CircleButtonAnimationView.swift */,
			);
			path = CircleButton;
			sourceTree = "<group>";
		};
		4A0A0CE12A7E58400012ACEE /* Models */ = {
			isa = PBXGroup;
			children = (
				4A0A0CE22A7E58550012ACEE /* CoinModel.swift */,
			);
			path = Models;
			sourceTree = "<group>";
		};
		4A0A0CEC2A7E904B0012ACEE /* Services */ = {
			isa = PBXGroup;
			children = (
				4A0A0CED2A7E90840012ACEE /* CoinDataService.swift */,
			);
			path = Services;
			sourceTree = "<group>";
		};
		4A0A0CEF2A7E99940012ACEE /* Utilities */ = {
			isa = PBXGroup;
			children = (
				4A0A0CF02A7E99AB0012ACEE /* NetworkManager.swift */,
			);
			path = Utilities;
			sourceTree = "<group>";
		};
/* End PBXGroup section */

/* Begin PBXNativeTarget section */
		4A0A0CBA2A7E2F5B0012ACEE /* SwiftUICrypto */ = {
			isa = PBXNativeTarget;
			buildConfigurationList = 4A0A0CC92A7E2F5C0012ACEE /* Build configuration list for PBXNativeTarget "SwiftUICrypto" */;
			buildPhases = (
				4A0A0CB72A7E2F5B0012ACEE /* Sources */,
				4A0A0CB82A7E2F5B0012ACEE /* Frameworks */,
				4A0A0CB92A7E2F5B0012ACEE /* Resources */,
			);
			buildRules = (
			);
			dependencies = (
			);
			name = SwiftUICrypto;
			productName = SwiftUICrypto;
			productReference = 4A0A0CBB2A7E2F5B0012ACEE /* SwiftUICrypto.app */;
			productType = "com.apple.product-type.application";
		};
/* End PBXNativeTarget section */

/* Begin PBXProject section */
		4A0A0CB32A7E2F5B0012ACEE /* Project object */ = {
			isa = PBXProject;
			attributes = {
				BuildIndependentTargetsInParallel = 1;
				LastSwiftUpdateCheck = 1430;
				LastUpgradeCheck = 1430;
				TargetAttributes = {
					4A0A0CBA2A7E2F5B0012ACEE = {
						CreatedOnToolsVersion = 14.3;
					};
				};
			};
			buildConfigurationList = 4A0A0CB62A7E2F5B0012ACEE /* Build configuration list for PBXProject "SwiftUICrypto" */;
			compatibilityVersion = "Xcode 14.0";
			developmentRegion = en;
			hasScannedForEncodings = 0;
			knownRegions = (
				en,
				Base,
			);
			mainGroup = 4A0A0CB22A7E2F5B0012ACEE;
			productRefGroup = 4A0A0CBC2A7E2F5B0012ACEE /* Products */;
			projectDirPath = "";
			projectRoot = "";
			targets = (
				4A0A0CBA2A7E2F5B0012ACEE /* SwiftUICrypto */,
			);
		};
/* End PBXProject section */

/* Begin PBXResourcesBuildPhase section */
		4A0A0CB92A7E2F5B0012ACEE /* Resources */ = {
			isa = PBXResourcesBuildPhase;
			buildActionMask = 2147483647;
			files = (
				4A0A0CC62A7E2F5C0012ACEE /* Preview Assets.xcassets in Resources */,
				4A0A0CCD2A7E30140012ACEE /* Assets.xcassets in Resources */,
			);
			runOnlyForDeploymentPostprocessing = 0;
		};
/* End PBXResourcesBuildPhase section */

/* Begin PBXSourcesBuildPhase section */
		4A0A0CB72A7E2F5B0012ACEE /* Sources */ = {
			isa = PBXSourcesBuildPhase;
			buildActionMask = 2147483647;
			files = (
				4A0A0CEE2A7E90840012ACEE /* CoinDataService.swift in Sources */,
				4A0A0CE52A7E5CFB0012ACEE /* CoinRowView.swift in Sources */,
				4A0A0CEB2A7E6BBB0012ACEE /* HomeViewModel.swift in Sources */,
				4A0A0CF12A7E99AB0012ACEE /* NetworkManager.swift in Sources */,
				4A0A0CC12A7E2F5B0012ACEE /* ContentView.swift in Sources */,
				4A0A0CDA2A7E38EE0012ACEE /* HomeView.swift in Sources */,
				4A0A0CBF2A7E2F5B0012ACEE /* SwiftUICryptoApp.swift in Sources */,
				4A0A0CE92A7E65C20012ACEE /* Double+Ext.swift in Sources */,
				4A0A0CE72A7E627A0012ACEE /* ReviewProvider+Ext.swift in Sources */,
				4A0A0CDE2A7E39FF0012ACEE /* CircleButtonView.swift in Sources */,
				4A0A0CD02A7E30B30012ACEE /* Color+Ext.swift in Sources */,
				4A0A0CE02A7E3CD10012ACEE /* CircleButtonAnimationView.swift in Sources */,
				4A0A0CE32A7E58550012ACEE /* CoinModel.swift in Sources */,
			);
			runOnlyForDeploymentPostprocessing = 0;
		};
/* End PBXSourcesBuildPhase section */

/* Begin XCBuildConfiguration section */
		4A0A0CC72A7E2F5C0012ACEE /* Debug */ = {
			isa = XCBuildConfiguration;
			buildSettings = {
				ALWAYS_SEARCH_USER_PATHS = NO;
				CLANG_ANALYZER_NONNULL = YES;
				CLANG_ANALYZER_NUMBER_OBJECT_CONVERSION = YES_AGGRESSIVE;
				CLANG_CXX_LANGUAGE_STANDARD = "gnu++20";
				CLANG_ENABLE_MODULES = YES;
				CLANG_ENABLE_OBJC_ARC = YES;
				CLANG_ENABLE_OBJC_WEAK = YES;
				CLANG_WARN_BLOCK_CAPTURE_AUTORELEASING = YES;
				CLANG_WARN_BOOL_CONVERSION = YES;
				CLANG_WARN_COMMA = YES;
				CLANG_WARN_CONSTANT_CONVERSION = YES;
				CLANG_WARN_DEPRECATED_OBJC_IMPLEMENTATIONS = YES;
				CLANG_WARN_DIRECT_OBJC_ISA_USAGE = YES_ERROR;
				CLANG_WARN_DOCUMENTATION_COMMENTS = YES;
				CLANG_WARN_EMPTY_BODY = YES;
				CLANG_WARN_ENUM_CONVERSION = YES;
				CLANG_WARN_INFINITE_RECURSION = YES;
				CLANG_WARN_INT_CONVERSION = YES;
				CLANG_WARN_NON_LITERAL_NULL_CONVERSION = YES;
				CLANG_WARN_OBJC_IMPLICIT_RETAIN_SELF = YES;
				CLANG_WARN_OBJC_LITERAL_CONVERSION = YES;
				CLANG_WARN_OBJC_ROOT_CLASS = YES_ERROR;
				CLANG_WARN_QUOTED_INCLUDE_IN_FRAMEWORK_HEADER = YES;
				CLANG_WARN_RANGE_LOOP_ANALYSIS = YES;
				CLANG_WARN_STRICT_PROTOTYPES = YES;
				CLANG_WARN_SUSPICIOUS_MOVE = YES;
				CLANG_WARN_UNGUARDED_AVAILABILITY = YES_AGGRESSIVE;
				CLANG_WARN_UNREACHABLE_CODE = YES;
				CLANG_WARN__DUPLICATE_METHOD_MATCH = YES;
				COPY_PHASE_STRIP = NO;
				DEBUG_INFORMATION_FORMAT = dwarf;
				ENABLE_STRICT_OBJC_MSGSEND = YES;
				ENABLE_TESTABILITY = YES;
				GCC_C_LANGUAGE_STANDARD = gnu11;
				GCC_DYNAMIC_NO_PIC = NO;
				GCC_NO_COMMON_BLOCKS = YES;
				GCC_OPTIMIZATION_LEVEL = 0;
				GCC_PREPROCESSOR_DEFINITIONS = (
					"DEBUG=1",
					"$(inherited)",
				);
				GCC_WARN_64_TO_32_BIT_CONVERSION = YES;
				GCC_WARN_ABOUT_RETURN_TYPE = YES_ERROR;
				GCC_WARN_UNDECLARED_SELECTOR = YES;
				GCC_WARN_UNINITIALIZED_AUTOS = YES_AGGRESSIVE;
				GCC_WARN_UNUSED_FUNCTION = YES;
				GCC_WARN_UNUSED_VARIABLE = YES;
				IPHONEOS_DEPLOYMENT_TARGET = 16.4;
				MTL_ENABLE_DEBUG_INFO = INCLUDE_SOURCE;
				MTL_FAST_MATH = YES;
				ONLY_ACTIVE_ARCH = YES;
				SDKROOT = iphoneos;
				SWIFT_ACTIVE_COMPILATION_CONDITIONS = DEBUG;
				SWIFT_OPTIMIZATION_LEVEL = "-Onone";
			};
			name = Debug;
		};
		4A0A0CC82A7E2F5C0012ACEE /* Release */ = {
			isa = XCBuildConfiguration;
			buildSettings = {
				ALWAYS_SEARCH_USER_PATHS = NO;
				CLANG_ANALYZER_NONNULL = YES;
				CLANG_ANALYZER_NUMBER_OBJECT_CONVERSION = YES_AGGRESSIVE;
				CLANG_CXX_LANGUAGE_STANDARD = "gnu++20";
				CLANG_ENABLE_MODULES = YES;
				CLANG_ENABLE_OBJC_ARC = YES;
				CLANG_ENABLE_OBJC_WEAK = YES;
				CLANG_WARN_BLOCK_CAPTURE_AUTORELEASING = YES;
				CLANG_WARN_BOOL_CONVERSION = YES;
				CLANG_WARN_COMMA = YES;
				CLANG_WARN_CONSTANT_CONVERSION = YES;
				CLANG_WARN_DEPRECATED_OBJC_IMPLEMENTATIONS = YES;
				CLANG_WARN_DIRECT_OBJC_ISA_USAGE = YES_ERROR;
				CLANG_WARN_DOCUMENTATION_COMMENTS = YES;
				CLANG_WARN_EMPTY_BODY = YES;
				CLANG_WARN_ENUM_CONVERSION = YES;
				CLANG_WARN_INFINITE_RECURSION = YES;
				CLANG_WARN_INT_CONVERSION = YES;
				CLANG_WARN_NON_LITERAL_NULL_CONVERSION = YES;
				CLANG_WARN_OBJC_IMPLICIT_RETAIN_SELF = YES;
				CLANG_WARN_OBJC_LITERAL_CONVERSION = YES;
				CLANG_WARN_OBJC_ROOT_CLASS = YES_ERROR;
				CLANG_WARN_QUOTED_INCLUDE_IN_FRAMEWORK_HEADER = YES;
				CLANG_WARN_RANGE_LOOP_ANALYSIS = YES;
				CLANG_WARN_STRICT_PROTOTYPES = YES;
				CLANG_WARN_SUSPICIOUS_MOVE = YES;
				CLANG_WARN_UNGUARDED_AVAILABILITY = YES_AGGRESSIVE;
				CLANG_WARN_UNREACHABLE_CODE = YES;
				CLANG_WARN__DUPLICATE_METHOD_MATCH = YES;
				COPY_PHASE_STRIP = NO;
				DEBUG_INFORMATION_FORMAT = "dwarf-with-dsym";
				ENABLE_NS_ASSERTIONS = NO;
				ENABLE_STRICT_OBJC_MSGSEND = YES;
				GCC_C_LANGUAGE_STANDARD = gnu11;
				GCC_NO_COMMON_BLOCKS = YES;
				GCC_WARN_64_TO_32_BIT_CONVERSION = YES;
				GCC_WARN_ABOUT_RETURN_TYPE = YES_ERROR;
				GCC_WARN_UNDECLARED_SELECTOR = YES;
				GCC_WARN_UNINITIALIZED_AUTOS = YES_AGGRESSIVE;
				GCC_WARN_UNUSED_FUNCTION = YES;
				GCC_WARN_UNUSED_VARIABLE = YES;
				IPHONEOS_DEPLOYMENT_TARGET = 16.4;
				MTL_ENABLE_DEBUG_INFO = NO;
				MTL_FAST_MATH = YES;
				SDKROOT = iphoneos;
				SWIFT_COMPILATION_MODE = wholemodule;
				SWIFT_OPTIMIZATION_LEVEL = "-O";
				VALIDATE_PRODUCT = YES;
			};
			name = Release;
		};
		4A0A0CCA2A7E2F5C0012ACEE /* Debug */ = {
			isa = XCBuildConfiguration;
			buildSettings = {
				ASSETCATALOG_COMPILER_APPICON_NAME = AppIcon;
				ASSETCATALOG_COMPILER_GLOBAL_ACCENT_COLOR_NAME = AccentColor;
				CODE_SIGN_STYLE = Automatic;
				CURRENT_PROJECT_VERSION = 1;
				DEVELOPMENT_ASSET_PATHS = "\"SwiftUICrypto/Preview Content\"";
				DEVELOPMENT_TEAM = KR56UH6MNG;
				ENABLE_PREVIEWS = YES;
				GENERATE_INFOPLIST_FILE = YES;
				INFOPLIST_KEY_CFBundleDisplayName = "Crypto Tracker";
				INFOPLIST_KEY_UIApplicationSceneManifest_Generation = YES;
				INFOPLIST_KEY_UIApplicationSupportsIndirectInputEvents = YES;
				INFOPLIST_KEY_UILaunchScreen_Generation = YES;
				INFOPLIST_KEY_UISupportedInterfaceOrientations = UIInterfaceOrientationPortrait;
				LD_RUNPATH_SEARCH_PATHS = (
					"$(inherited)",
					"@executable_path/Frameworks",
				);
				MARKETING_VERSION = 1.0;
				PRODUCT_BUNDLE_IDENTIFIER = com.finnchristoffer.SwiftUICrypto;
				PRODUCT_NAME = "$(TARGET_NAME)";
				SUPPORTED_PLATFORMS = "iphoneos iphonesimulator";
				SUPPORTS_MACCATALYST = NO;
				SUPPORTS_MAC_DESIGNED_FOR_IPHONE_IPAD = NO;
				SWIFT_EMIT_LOC_STRINGS = YES;
				SWIFT_VERSION = 5.0;
				TARGETED_DEVICE_FAMILY = "1,2";
			};
			name = Debug;
		};
		4A0A0CCB2A7E2F5C0012ACEE /* Release */ = {
			isa = XCBuildConfiguration;
			buildSettings = {
				ASSETCATALOG_COMPILER_APPICON_NAME = AppIcon;
				ASSETCATALOG_COMPILER_GLOBAL_ACCENT_COLOR_NAME = AccentColor;
				CODE_SIGN_STYLE = Automatic;
				CURRENT_PROJECT_VERSION = 1;
				DEVELOPMENT_ASSET_PATHS = "\"SwiftUICrypto/Preview Content\"";
				DEVELOPMENT_TEAM = KR56UH6MNG;
				ENABLE_PREVIEWS = YES;
				GENERATE_INFOPLIST_FILE = YES;
				INFOPLIST_KEY_CFBundleDisplayName = "Crypto Tracker";
				INFOPLIST_KEY_UIApplicationSceneManifest_Generation = YES;
				INFOPLIST_KEY_UIApplicationSupportsIndirectInputEvents = YES;
				INFOPLIST_KEY_UILaunchScreen_Generation = YES;
				INFOPLIST_KEY_UISupportedInterfaceOrientations = UIInterfaceOrientationPortrait;
				LD_RUNPATH_SEARCH_PATHS = (
					"$(inherited)",
					"@executable_path/Frameworks",
				);
				MARKETING_VERSION = 1.0;
				PRODUCT_BUNDLE_IDENTIFIER = com.finnchristoffer.SwiftUICrypto;
				PRODUCT_NAME = "$(TARGET_NAME)";
				SUPPORTED_PLATFORMS = "iphoneos iphonesimulator";
				SUPPORTS_MACCATALYST = NO;
				SUPPORTS_MAC_DESIGNED_FOR_IPHONE_IPAD = NO;
				SWIFT_EMIT_LOC_STRINGS = YES;
				SWIFT_VERSION = 5.0;
				TARGETED_DEVICE_FAMILY = "1,2";
			};
			name = Release;
		};
/* End XCBuildConfiguration section */

/* Begin XCConfigurationList section */
		4A0A0CB62A7E2F5B0012ACEE /* Build configuration list for PBXProject "SwiftUICrypto" */ = {
			isa = XCConfigurationList;
			buildConfigurations = (
				4A0A0CC72A7E2F5C0012ACEE /* Debug */,
				4A0A0CC82A7E2F5C0012ACEE /* Release */,
			);
			defaultConfigurationIsVisible = 0;
			defaultConfigurationName = Release;
		};
		4A0A0CC92A7E2F5C0012ACEE /* Build configuration list for PBXNativeTarget "SwiftUICrypto" */ = {
			isa = XCConfigurationList;
			buildConfigurations = (
				4A0A0CCA2A7E2F5C0012ACEE /* Debug */,
				4A0A0CCB2A7E2F5C0012ACEE /* Release */,
			);
			defaultConfigurationIsVisible = 0;
			defaultConfigurationName = Release;
		};
/* End XCConfigurationList section */
	};
	rootObject = 4A0A0CB32A7E2F5B0012ACEE /* Project object */;
}
